
Microsoft Visual Studio Solution File, Format Version 12.00
# Visual Studio 2012
Project("{FAE04EC0-301F-11D3-BF4B-00C04F79EFBC}") = "Time1Test", "Time1\Time1Test.csproj", "{F4722580-AB0E-47E8-8B33-49BE6BB41A59}"
EndProject
Global
	GlobalSection(SolutionConfigurationPlatforms) = preSolution
		Debug|Any CPU = Debug|Any CPU
		Release|Any CPU = Release|Any CPU
	EndGlobalSection
	GlobalSection(ProjectConfigurationPlatforms) = postSolution
		{F4722580-AB0E-47E8-8B33-49BE6BB41A59}.Debug|Any CPU.ActiveCfg = Debug|Any CPU
		{F4722580-AB0E-47E8-8B33-49BE6BB41A59}.Debug|Any CPU.Build.0 = Debug|Any CPU
		{F4722580-AB0E-47E8-8B33-49BE6BB41A59}.Release|Any CPU.ActiveCfg = Release|Any CPU
		{F4722580-AB0E-47E8-8B33-49BE6BB41A59}.Release|Any CPU.Build.0 = Release|Any CPU
	EndGlobalSection
	GlobalSection(SolutionProperties) = preSolution
		HideSolutionNode = FALSE
	EndGlobalSection
EndGlobal
